
Microsoft Visual Studio Solution File, Format Version 12.00
# Visual Studio Version 17
VisualStudioVersion = 17.9.34723.18
MinimumVisualStudioVersion = 10.0.40219.1
Project("{FAE04EC0-301F-11D3-BF4B-00C04F79EFBC}") = "FormApp.Econtact", "FormApp.Econtact.csproj", "{972A3723-2145-475F-99FE-D538BE58E048}"
EndProject
Global
	GlobalSection(SolutionConfigurationPlatforms) = preSolution
		Debug|Any CPU = Debug|Any CPU
		Release|Any CPU = Release|Any CPU
	EndGlobalSection
	GlobalSection(ProjectConfigurationPlatforms) = postSolution
		{972A3723-2145-475F-99FE-D538BE58E048}.Debug|Any CPU.ActiveCfg = Debug|Any CPU
		{972A3723-2145-475F-99FE-D538BE58E048}.Debug|Any CPU.Build.0 = Debug|Any CPU
		{972A3723-2145-475F-99FE-D538BE58E048}.Release|Any CPU.ActiveCfg = Release|Any CPU
		{972A3723-2145-475F-99FE-D538BE58E048}.Release|Any CPU.Build.0 = Release|Any CPU
	EndGlobalSection
	GlobalSection(SolutionProperties) = preSolution
		HideSolutionNode = FALSE
	EndGlobalSection
	GlobalSection(ExtensibilityGlobals) = postSolution
		SolutionGuid = {103487FD-8C47-4542-A749-5BBF49B27793}
	EndGlobalSection
EndGlobal
